
Microsoft Visual Studio Solution File, Format Version 12.00
# Visual Studio Version 16
VisualStudioVersion = 16.0.31410.357
MinimumVisualStudioVersion = 10.0.40219.1
Project("{FAE04EC0-301F-11D3-BF4B-00C04F79EFBC}") = "HealthJang", "HealthJang.csproj", "{7D5ED878-84FA-485C-8D94-5F674C311DA6}"
EndProject
Global
	GlobalSection(SolutionConfigurationPlatforms) = preSolution
		Debug|Any CPU = Debug|Any CPU
		Release|Any CPU = Release|Any CPU
	EndGlobalSection
	GlobalSection(ProjectConfigurationPlatforms) = postSolution
		{7D5ED878-84FA-485C-8D94-5F674C311DA6}.Debug|Any CPU.ActiveCfg = Debug|Any CPU
		{7D5ED878-84FA-485C-8D94-5F674C311DA6}.Debug|Any CPU.Build.0 = Debug|Any CPU
		{7D5ED878-84FA-485C-8D94-5F674C311DA6}.Release|Any CPU.ActiveCfg = Release|Any CPU
		{7D5ED878-84FA-485C-8D94-5F674C311DA6}.Release|Any CPU.Build.0 = Release|Any CPU
	EndGlobalSection
	GlobalSection(SolutionProperties) = preSolution
		HideSolutionNode = FALSE
	EndGlobalSection
	GlobalSection(ExtensibilityGlobals) = postSolution
		SolutionGuid = {4D0CC46C-58C9-4545-9B16-D7FB615F9B34}
	EndGlobalSection
EndGlobal
